schema: '2.0'
stages:
  data_ingestion:
    cmd: python src/named_entity_recognition/pipeline/stage_01_data_ingestion.py
    deps:
    - path: config/config.yaml
      hash: md5
      md5: 4b864cd424cb61f56fd63ee0d1ea4060
      size: 777
    - path: src/named_entity_recognition/pipeline/stage_01_data_ingestion.py
      hash: md5
      md5: 2995d23d56c874c3f88b2930ded549c1
      size: 892
    outs:
    - path: artifacts/data_ingestion/conll2003
      hash: md5
      md5: ac33438e9e0c0d675bf676d8c6af7c03.dir
      size: 10287467
      nfiles: 10
  tokenizer_preparation:
    cmd: python src/named_entity_recognition/pipeline/stage_02_tokenizer_preparation.py
    deps:
    - path: artifacts/data_ingestion/conll2003
      hash: md5
      md5: ac33438e9e0c0d675bf676d8c6af7c03.dir
      size: 10287467
      nfiles: 10
    - path: config/config.yaml
      hash: md5
      md5: 4b864cd424cb61f56fd63ee0d1ea4060
      size: 777
    - path: src/named_entity_recognition/pipeline/stage_02_tokenizer_preparation.py
      hash: md5
      md5: d3a05f6e0886d717601fa7f8cba66193
      size: 929
    outs:
    - path: artifacts/tokenizer_preparation/tokenizer.pickle
      hash: md5
      md5: 99607d1ad8ca7f2f192125ca4efe7163
      size: 699951
  data_transformation:
    cmd: python src/named_entity_recognition/pipeline/stage_03_data_transformation.py
    deps:
    - path: artifacts/tokenizer_preparation/tokenizer.pickle
      hash: md5
      md5: 99607d1ad8ca7f2f192125ca4efe7163
      size: 699951
    - path: config/config.yaml
      hash: md5
      md5: 4b864cd424cb61f56fd63ee0d1ea4060
      size: 777
    - path: src/named_entity_recognition/pipeline/stage_03_data_transformation.py
      hash: md5
      md5: 20dc3b5caa7094c7d93fa2f5c39824fa
      size: 941
    outs:
    - path: artifacts/data_transformation/conll2003
      hash: md5
      md5: d64e2bda56548816e2434ff840ef8eba.dir
      size: 46047558
      nfiles: 10
  model_training:
    cmd: python src/named_entity_recognition/pipeline/stage_04_model_trainer.py
    deps:
    - path: artifacts/data_transformation/conll2003
      hash: md5
      md5: d64e2bda56548816e2434ff840ef8eba.dir
      size: 46047558
      nfiles: 10
    - path: config/config.yaml
      hash: md5
      md5: 4b864cd424cb61f56fd63ee0d1ea4060
      size: 777
    - path: src/named_entity_recognition/pipeline/stage_04_model_trainer.py
      hash: md5
      md5: a90ec706a0faa7d3fa6f3b1503429d3c
      size: 898
    params:
      params.yaml:
        BATCH_SIZE: 64
        EMBEDDING_DIM: 64
        EPOCHS: 2
        FULLY_CONNECTED_DIM: 64
        MAX_POSITIONAL_ENCODING_LENGTH: 150
        NUM_ENCODER_LAYERS: 2
        NUM_HEADS: 2
    outs:
    - path: artifacts/model_trainer/model.keras
      hash: md5
      md5: f72502a38def9d1be3b993e1d5212ce9
      size: 14773204
  model_evaluation:
    cmd: python src/named_entity_recognition/pipeline/stage_05_model_evaluation.py
    deps:
    - path: artifacts/data_transformation/conll2003
      hash: md5
      md5: d64e2bda56548816e2434ff840ef8eba.dir
      size: 46047558
      nfiles: 10
    - path: artifacts/model_trainer/model.keras
      hash: md5
      md5: f72502a38def9d1be3b993e1d5212ce9
      size: 14773204
    - path: config/config.yaml
      hash: md5
      md5: 4b864cd424cb61f56fd63ee0d1ea4060
      size: 777
    - path: src/named_entity_recognition/pipeline/stage_05_model_evaluation.py
      hash: md5
      md5: 318393f00ad90bbdec90dd134265986c
      size: 976
    params:
      params.yaml:
        BATCH_SIZE: 64
    outs:
    - path: artifacts\model_evaluation\scores.json
      hash: md5
      md5: decc6a4c2b9a90aede91c51bdfdcb06d
      size: 184
